
Microsoft Visual Studio Solution File, Format Version 12.00
# Visual Studio 15
VisualStudioVersion = 15.0.28307.136
MinimumVisualStudioVersion = 10.0.40219.1
Project("{2150E333-8FDC-42A3-9474-1A3956D46DE8}") = "Services", "Services", "{79E3836D-4562-4C90-8A09-B6AD916A3959}"
EndProject
Project("{2150E333-8FDC-42A3-9474-1A3956D46DE8}") = "Globals", "Globals", "{1232A604-9877-44DD-9CDC-11585ED05D81}"
EndProject
Project("{9A19103F-16F7-4668-BE54-9A1E7A4F7556}") = "RowaMore", "RowaMore\RowaMore.csproj", "{723BC7B5-3211-4A86-B615-F16BBB379364}"
EndProject
Project("{2150E333-8FDC-42A3-9474-1A3956D46DE8}") = "Solution Items", "Solution Items", "{4ACD5D49-794A-4DBC-86CB-0ABFDC75102E}"
	ProjectSection(SolutionItems) = preProject
		.editorconfig = .editorconfig
		nuget.config = nuget.config
	EndProjectSection
EndProject
Project("{9A19103F-16F7-4668-BE54-9A1E7A4F7556}") = "SmartDose.WcfLib", "SmartDose.WcfLib\SmartDose.WcfLib.csproj", "{A27CAFC8-3634-45E4-AB2E-480546F3A0B0}"
EndProject
Project("{9A19103F-16F7-4668-BE54-9A1E7A4F7556}") = "SmartDose.WcfMasterData10000", "SmartDose.WcfMasterData10000\SmartDose.WcfMasterData10000.csproj", "{98EC7B4C-439A-4347-B24B-BF467C31F0AC}"
EndProject
Project("{2150E333-8FDC-42A3-9474-1A3956D46DE8}") = "Test", "Test", "{E36DDE18-6581-4641-A87E-8A2A07E19DCE}"
EndProject
Project("{9A19103F-16F7-4668-BE54-9A1E7A4F7556}") = "SmartDose.WcfMasterData9002", "SmartDose.WcfMasterData9002\SmartDose.WcfMasterData9002.csproj", "{49EBE56D-670D-4E63-BF53-D69A0DD5308F}"
EndProject
Project("{9A19103F-16F7-4668-BE54-9A1E7A4F7556}") = "ConsoleTestWcfLinq", "ConsoleTestWcfLinq\ConsoleTestWcfLinq.csproj", "{9E1F6484-0249-4072-B3A4-C94F4EB3AD73}"
EndProject
Global
	GlobalSection(SolutionConfigurationPlatforms) = preSolution
		Debug|Any CPU = Debug|Any CPU
		Release|Any CPU = Release|Any CPU
	EndGlobalSection
	GlobalSection(ProjectConfigurationPlatforms) = postSolution
		{723BC7B5-3211-4A86-B615-F16BBB379364}.Debug|Any CPU.ActiveCfg = Debug|Any CPU
		{723BC7B5-3211-4A86-B615-F16BBB379364}.Debug|Any CPU.Build.0 = Debug|Any CPU
		{723BC7B5-3211-4A86-B615-F16BBB379364}.Release|Any CPU.ActiveCfg = Release|Any CPU
		{723BC7B5-3211-4A86-B615-F16BBB379364}.Release|Any CPU.Build.0 = Release|Any CPU
		{A27CAFC8-3634-45E4-AB2E-480546F3A0B0}.Debug|Any CPU.ActiveCfg = Debug|Any CPU
		{A27CAFC8-3634-45E4-AB2E-480546F3A0B0}.Debug|Any CPU.Build.0 = Debug|Any CPU
		{A27CAFC8-3634-45E4-AB2E-480546F3A0B0}.Release|Any CPU.ActiveCfg = Release|Any CPU
		{A27CAFC8-3634-45E4-AB2E-480546F3A0B0}.Release|Any CPU.Build.0 = Release|Any CPU
		{98EC7B4C-439A-4347-B24B-BF467C31F0AC}.Debug|Any CPU.ActiveCfg = Debug|Any CPU
		{98EC7B4C-439A-4347-B24B-BF467C31F0AC}.Debug|Any CPU.Build.0 = Debug|Any CPU
		{98EC7B4C-439A-4347-B24B-BF467C31F0AC}.Release|Any CPU.ActiveCfg = Release|Any CPU
		{98EC7B4C-439A-4347-B24B-BF467C31F0AC}.Release|Any CPU.Build.0 = Release|Any CPU
		{49EBE56D-670D-4E63-BF53-D69A0DD5308F}.Debug|Any CPU.ActiveCfg = Debug|Any CPU
		{49EBE56D-670D-4E63-BF53-D69A0DD5308F}.Debug|Any CPU.Build.0 = Debug|Any CPU
		{49EBE56D-670D-4E63-BF53-D69A0DD5308F}.Release|Any CPU.ActiveCfg = Release|Any CPU
		{49EBE56D-670D-4E63-BF53-D69A0DD5308F}.Release|Any CPU.Build.0 = Release|Any CPU
		{9E1F6484-0249-4072-B3A4-C94F4EB3AD73}.Debug|Any CPU.ActiveCfg = Debug|Any CPU
		{9E1F6484-0249-4072-B3A4-C94F4EB3AD73}.Debug|Any CPU.Build.0 = Debug|Any CPU
		{9E1F6484-0249-4072-B3A4-C94F4EB3AD73}.Release|Any CPU.ActiveCfg = Release|Any CPU
		{9E1F6484-0249-4072-B3A4-C94F4EB3AD73}.Release|Any CPU.Build.0 = Release|Any CPU
	EndGlobalSection
	GlobalSection(SolutionProperties) = preSolution
		HideSolutionNode = FALSE
	EndGlobalSection
	GlobalSection(NestedProjects) = preSolution
		{723BC7B5-3211-4A86-B615-F16BBB379364} = {1232A604-9877-44DD-9CDC-11585ED05D81}
		{A27CAFC8-3634-45E4-AB2E-480546F3A0B0} = {1232A604-9877-44DD-9CDC-11585ED05D81}
		{98EC7B4C-439A-4347-B24B-BF467C31F0AC} = {79E3836D-4562-4C90-8A09-B6AD916A3959}
		{49EBE56D-670D-4E63-BF53-D69A0DD5308F} = {79E3836D-4562-4C90-8A09-B6AD916A3959}
		{9E1F6484-0249-4072-B3A4-C94F4EB3AD73} = {E36DDE18-6581-4641-A87E-8A2A07E19DCE}
	EndGlobalSection
	GlobalSection(ExtensibilityGlobals) = postSolution
		SolutionGuid = {5BE9002B-C4D6-48B2-8A0B-3A11A0E950C3}
	EndGlobalSection
EndGlobal
