
Microsoft Visual Studio Solution File, Format Version 12.00
# Visual Studio 15
VisualStudioVersion = 15.0.28307.136
MinimumVisualStudioVersion = 10.0.40219.1
Project("{9A19103F-16F7-4668-BE54-9A1E7A4F7556}") = "RowaLog", "RowaLog\RowaLog\RowaLog.csproj", "{22765DD5-E874-45E2-BF54-968AF0AC3467}"
EndProject
Project("{9A19103F-16F7-4668-BE54-9A1E7A4F7556}") = "RowaWcf", "RowaWcf\RowaWcf\RowaWcf.csproj", "{A2CCA7D3-F8EE-4AC1-84D6-BE3B1A871320}"
EndProject
Project("{2150E333-8FDC-42A3-9474-1A3956D46DE8}") = "Services", "Services", "{79E3836D-4562-4C90-8A09-B6AD916A3959}"
EndProject
Project("{2150E333-8FDC-42A3-9474-1A3956D46DE8}") = "Globals", "Globals", "{1232A604-9877-44DD-9CDC-11585ED05D81}"
EndProject
Project("{9A19103F-16F7-4668-BE54-9A1E7A4F7556}") = "RowaMore", "RowaMore\RowaMore.csproj", "{723BC7B5-3211-4A86-B615-F16BBB379364}"
EndProject
Project("{9A19103F-16F7-4668-BE54-9A1E7A4F7556}") = "MasterData10000", "MasterData10000\MasterData10000.csproj", "{FC4C5EBD-AE12-4368-91C1-20A58CDD2531}"
EndProject
Project("{2150E333-8FDC-42A3-9474-1A3956D46DE8}") = "Solution Items", "Solution Items", "{4ACD5D49-794A-4DBC-86CB-0ABFDC75102E}"
	ProjectSection(SolutionItems) = preProject
		.editorconfig = .editorconfig
		nuget.config = nuget.config
	EndProjectSection
EndProject
Project("{9A19103F-16F7-4668-BE54-9A1E7A4F7556}") = "MasterData9002", "MasterData9002\MasterData9002.csproj", "{B47C617F-8766-4EA7-A796-C9FC4A443F9A}"
EndProject
Project("{9A19103F-16F7-4668-BE54-9A1E7A4F7556}") = "WcfConsoleTest", "WcfConsoleTest\WcfConsoleTest.csproj", "{A8B3000C-6927-4694-89C5-716874762BBF}"
EndProject
Project("{D954291E-2A0B-460D-934E-DC6B0785DB48}") = "ServicesShared", "ServicesShared\ServicesShared.shproj", "{CCAA4975-2FDF-4A7C-B3A0-0EB979596BF5}"
EndProject
Project("{9A19103F-16F7-4668-BE54-9A1E7A4F7556}") = "SmartDose.WcfLib", "SmartDose.WcfLib\SmartDose.WcfLib.csproj", "{A27CAFC8-3634-45E4-AB2E-480546F3A0B0}"
EndProject
Project("{FAE04EC0-301F-11D3-BF4B-00C04F79EFBC}") = "SmartDose.WcfMasterData10000", "SmartDose.WcfMasterData10000\SmartDose.WcfMasterData10000.csproj", "{98EC7B4C-439A-4347-B24B-BF467C31F0AC}"
EndProject
Project("{2150E333-8FDC-42A3-9474-1A3956D46DE8}") = "Old", "Old", "{581F603F-BB13-45BD-B73D-3B51D699E30E}"
EndProject
Project("{FAE04EC0-301F-11D3-BF4B-00C04F79EFBC}") = "ConsoleApp1", "ConsoleApp1\ConsoleApp1.csproj", "{C7924603-CB53-4A18-8800-7998D5A0C574}"
EndProject
Global
	GlobalSection(SharedMSBuildProjectFiles) = preSolution
		ServicesShared\ServicesShared.projitems*{ccaa4975-2fdf-4a7c-b3a0-0eb979596bf5}*SharedItemsImports = 13
	EndGlobalSection
	GlobalSection(SolutionConfigurationPlatforms) = preSolution
		Debug|Any CPU = Debug|Any CPU
		Release|Any CPU = Release|Any CPU
	EndGlobalSection
	GlobalSection(ProjectConfigurationPlatforms) = postSolution
		{22765DD5-E874-45E2-BF54-968AF0AC3467}.Debug|Any CPU.ActiveCfg = Debug|Any CPU
		{22765DD5-E874-45E2-BF54-968AF0AC3467}.Debug|Any CPU.Build.0 = Debug|Any CPU
		{22765DD5-E874-45E2-BF54-968AF0AC3467}.Release|Any CPU.ActiveCfg = Release|Any CPU
		{22765DD5-E874-45E2-BF54-968AF0AC3467}.Release|Any CPU.Build.0 = Release|Any CPU
		{A2CCA7D3-F8EE-4AC1-84D6-BE3B1A871320}.Debug|Any CPU.ActiveCfg = Debug|Any CPU
		{A2CCA7D3-F8EE-4AC1-84D6-BE3B1A871320}.Debug|Any CPU.Build.0 = Debug|Any CPU
		{A2CCA7D3-F8EE-4AC1-84D6-BE3B1A871320}.Release|Any CPU.ActiveCfg = Release|Any CPU
		{A2CCA7D3-F8EE-4AC1-84D6-BE3B1A871320}.Release|Any CPU.Build.0 = Release|Any CPU
		{723BC7B5-3211-4A86-B615-F16BBB379364}.Debug|Any CPU.ActiveCfg = Debug|Any CPU
		{723BC7B5-3211-4A86-B615-F16BBB379364}.Debug|Any CPU.Build.0 = Debug|Any CPU
		{723BC7B5-3211-4A86-B615-F16BBB379364}.Release|Any CPU.ActiveCfg = Release|Any CPU
		{723BC7B5-3211-4A86-B615-F16BBB379364}.Release|Any CPU.Build.0 = Release|Any CPU
		{FC4C5EBD-AE12-4368-91C1-20A58CDD2531}.Debug|Any CPU.ActiveCfg = Debug|Any CPU
		{FC4C5EBD-AE12-4368-91C1-20A58CDD2531}.Debug|Any CPU.Build.0 = Debug|Any CPU
		{FC4C5EBD-AE12-4368-91C1-20A58CDD2531}.Release|Any CPU.ActiveCfg = Release|Any CPU
		{FC4C5EBD-AE12-4368-91C1-20A58CDD2531}.Release|Any CPU.Build.0 = Release|Any CPU
		{B47C617F-8766-4EA7-A796-C9FC4A443F9A}.Debug|Any CPU.ActiveCfg = Debug|Any CPU
		{B47C617F-8766-4EA7-A796-C9FC4A443F9A}.Debug|Any CPU.Build.0 = Debug|Any CPU
		{B47C617F-8766-4EA7-A796-C9FC4A443F9A}.Release|Any CPU.ActiveCfg = Release|Any CPU
		{B47C617F-8766-4EA7-A796-C9FC4A443F9A}.Release|Any CPU.Build.0 = Release|Any CPU
		{A8B3000C-6927-4694-89C5-716874762BBF}.Debug|Any CPU.ActiveCfg = Debug|Any CPU
		{A8B3000C-6927-4694-89C5-716874762BBF}.Debug|Any CPU.Build.0 = Debug|Any CPU
		{A8B3000C-6927-4694-89C5-716874762BBF}.Release|Any CPU.ActiveCfg = Release|Any CPU
		{A8B3000C-6927-4694-89C5-716874762BBF}.Release|Any CPU.Build.0 = Release|Any CPU
		{A27CAFC8-3634-45E4-AB2E-480546F3A0B0}.Debug|Any CPU.ActiveCfg = Debug|Any CPU
		{A27CAFC8-3634-45E4-AB2E-480546F3A0B0}.Debug|Any CPU.Build.0 = Debug|Any CPU
		{A27CAFC8-3634-45E4-AB2E-480546F3A0B0}.Release|Any CPU.ActiveCfg = Release|Any CPU
		{A27CAFC8-3634-45E4-AB2E-480546F3A0B0}.Release|Any CPU.Build.0 = Release|Any CPU
		{98EC7B4C-439A-4347-B24B-BF467C31F0AC}.Debug|Any CPU.ActiveCfg = Debug|Any CPU
		{98EC7B4C-439A-4347-B24B-BF467C31F0AC}.Debug|Any CPU.Build.0 = Debug|Any CPU
		{98EC7B4C-439A-4347-B24B-BF467C31F0AC}.Release|Any CPU.ActiveCfg = Release|Any CPU
		{98EC7B4C-439A-4347-B24B-BF467C31F0AC}.Release|Any CPU.Build.0 = Release|Any CPU
		{C7924603-CB53-4A18-8800-7998D5A0C574}.Debug|Any CPU.ActiveCfg = Debug|Any CPU
		{C7924603-CB53-4A18-8800-7998D5A0C574}.Debug|Any CPU.Build.0 = Debug|Any CPU
		{C7924603-CB53-4A18-8800-7998D5A0C574}.Release|Any CPU.ActiveCfg = Release|Any CPU
		{C7924603-CB53-4A18-8800-7998D5A0C574}.Release|Any CPU.Build.0 = Release|Any CPU
	EndGlobalSection
	GlobalSection(SolutionProperties) = preSolution
		HideSolutionNode = FALSE
	EndGlobalSection
	GlobalSection(NestedProjects) = preSolution
		{22765DD5-E874-45E2-BF54-968AF0AC3467} = {1232A604-9877-44DD-9CDC-11585ED05D81}
		{A2CCA7D3-F8EE-4AC1-84D6-BE3B1A871320} = {1232A604-9877-44DD-9CDC-11585ED05D81}
		{723BC7B5-3211-4A86-B615-F16BBB379364} = {1232A604-9877-44DD-9CDC-11585ED05D81}
		{FC4C5EBD-AE12-4368-91C1-20A58CDD2531} = {581F603F-BB13-45BD-B73D-3B51D699E30E}
		{B47C617F-8766-4EA7-A796-C9FC4A443F9A} = {581F603F-BB13-45BD-B73D-3B51D699E30E}
		{A8B3000C-6927-4694-89C5-716874762BBF} = {581F603F-BB13-45BD-B73D-3B51D699E30E}
		{CCAA4975-2FDF-4A7C-B3A0-0EB979596BF5} = {581F603F-BB13-45BD-B73D-3B51D699E30E}
		{A27CAFC8-3634-45E4-AB2E-480546F3A0B0} = {79E3836D-4562-4C90-8A09-B6AD916A3959}
		{98EC7B4C-439A-4347-B24B-BF467C31F0AC} = {79E3836D-4562-4C90-8A09-B6AD916A3959}
		{581F603F-BB13-45BD-B73D-3B51D699E30E} = {79E3836D-4562-4C90-8A09-B6AD916A3959}
		{C7924603-CB53-4A18-8800-7998D5A0C574} = {79E3836D-4562-4C90-8A09-B6AD916A3959}
	EndGlobalSection
	GlobalSection(ExtensibilityGlobals) = postSolution
		SolutionGuid = {5BE9002B-C4D6-48B2-8A0B-3A11A0E950C3}
	EndGlobalSection
EndGlobal
