
Microsoft Visual Studio Solution File, Format Version 12.00
# Visual Studio 15
VisualStudioVersion = 15.0.28307.136
MinimumVisualStudioVersion = 10.0.40219.1
Project("{9A19103F-16F7-4668-BE54-9A1E7A4F7556}") = "RowaLog", "RowaLog\RowaLog\RowaLog.csproj", "{22765DD5-E874-45E2-BF54-968AF0AC3467}"
EndProject
Project("{9A19103F-16F7-4668-BE54-9A1E7A4F7556}") = "RowaWcf", "RowaWcf\RowaWcf\RowaWcf.csproj", "{A2CCA7D3-F8EE-4AC1-84D6-BE3B1A871320}"
EndProject
Project("{2150E333-8FDC-42A3-9474-1A3956D46DE8}") = "Services", "Services", "{79E3836D-4562-4C90-8A09-B6AD916A3959}"
EndProject
Project("{2150E333-8FDC-42A3-9474-1A3956D46DE8}") = "Globals", "Globals", "{1232A604-9877-44DD-9CDC-11585ED05D81}"
EndProject
Project("{9A19103F-16F7-4668-BE54-9A1E7A4F7556}") = "RowaMore", "RowaMore\RowaMore.csproj", "{723BC7B5-3211-4A86-B615-F16BBB379364}"
EndProject
Project("{9A19103F-16F7-4668-BE54-9A1E7A4F7556}") = "ConsoleTestMasterData", "ConsoleTestMasterData\ConsoleTestMasterData.csproj", "{F97A4313-1100-45DB-9D12-B3793CDC470F}"
EndProject
Project("{9A19103F-16F7-4668-BE54-9A1E7A4F7556}") = "MasterData10000", "MasterData10000\MasterData10000.csproj", "{FC4C5EBD-AE12-4368-91C1-20A58CDD2531}"
EndProject
Project("{2150E333-8FDC-42A3-9474-1A3956D46DE8}") = "Solution Items", "Solution Items", "{4ACD5D49-794A-4DBC-86CB-0ABFDC75102E}"
	ProjectSection(SolutionItems) = preProject
		.editorconfig = .editorconfig
	EndProjectSection
EndProject
Global
	GlobalSection(SolutionConfigurationPlatforms) = preSolution
		Debug|Any CPU = Debug|Any CPU
		Release|Any CPU = Release|Any CPU
	EndGlobalSection
	GlobalSection(ProjectConfigurationPlatforms) = postSolution
		{22765DD5-E874-45E2-BF54-968AF0AC3467}.Debug|Any CPU.ActiveCfg = Debug|Any CPU
		{22765DD5-E874-45E2-BF54-968AF0AC3467}.Debug|Any CPU.Build.0 = Debug|Any CPU
		{22765DD5-E874-45E2-BF54-968AF0AC3467}.Release|Any CPU.ActiveCfg = Release|Any CPU
		{22765DD5-E874-45E2-BF54-968AF0AC3467}.Release|Any CPU.Build.0 = Release|Any CPU
		{A2CCA7D3-F8EE-4AC1-84D6-BE3B1A871320}.Debug|Any CPU.ActiveCfg = Debug|Any CPU
		{A2CCA7D3-F8EE-4AC1-84D6-BE3B1A871320}.Debug|Any CPU.Build.0 = Debug|Any CPU
		{A2CCA7D3-F8EE-4AC1-84D6-BE3B1A871320}.Release|Any CPU.ActiveCfg = Release|Any CPU
		{A2CCA7D3-F8EE-4AC1-84D6-BE3B1A871320}.Release|Any CPU.Build.0 = Release|Any CPU
		{723BC7B5-3211-4A86-B615-F16BBB379364}.Debug|Any CPU.ActiveCfg = Debug|Any CPU
		{723BC7B5-3211-4A86-B615-F16BBB379364}.Debug|Any CPU.Build.0 = Debug|Any CPU
		{723BC7B5-3211-4A86-B615-F16BBB379364}.Release|Any CPU.ActiveCfg = Release|Any CPU
		{723BC7B5-3211-4A86-B615-F16BBB379364}.Release|Any CPU.Build.0 = Release|Any CPU
		{F97A4313-1100-45DB-9D12-B3793CDC470F}.Debug|Any CPU.ActiveCfg = Debug|Any CPU
		{F97A4313-1100-45DB-9D12-B3793CDC470F}.Debug|Any CPU.Build.0 = Debug|Any CPU
		{F97A4313-1100-45DB-9D12-B3793CDC470F}.Release|Any CPU.ActiveCfg = Release|Any CPU
		{F97A4313-1100-45DB-9D12-B3793CDC470F}.Release|Any CPU.Build.0 = Release|Any CPU
		{FC4C5EBD-AE12-4368-91C1-20A58CDD2531}.Debug|Any CPU.ActiveCfg = Debug|Any CPU
		{FC4C5EBD-AE12-4368-91C1-20A58CDD2531}.Debug|Any CPU.Build.0 = Debug|Any CPU
		{FC4C5EBD-AE12-4368-91C1-20A58CDD2531}.Release|Any CPU.ActiveCfg = Release|Any CPU
		{FC4C5EBD-AE12-4368-91C1-20A58CDD2531}.Release|Any CPU.Build.0 = Release|Any CPU
	EndGlobalSection
	GlobalSection(SolutionProperties) = preSolution
		HideSolutionNode = FALSE
	EndGlobalSection
	GlobalSection(NestedProjects) = preSolution
		{22765DD5-E874-45E2-BF54-968AF0AC3467} = {1232A604-9877-44DD-9CDC-11585ED05D81}
		{A2CCA7D3-F8EE-4AC1-84D6-BE3B1A871320} = {1232A604-9877-44DD-9CDC-11585ED05D81}
		{723BC7B5-3211-4A86-B615-F16BBB379364} = {1232A604-9877-44DD-9CDC-11585ED05D81}
		{F97A4313-1100-45DB-9D12-B3793CDC470F} = {79E3836D-4562-4C90-8A09-B6AD916A3959}
	EndGlobalSection
	GlobalSection(ExtensibilityGlobals) = postSolution
		SolutionGuid = {5BE9002B-C4D6-48B2-8A0B-3A11A0E950C3}
	EndGlobalSection
EndGlobal
