
Microsoft Visual Studio Solution File, Format Version 12.00
# Visual Studio 15
VisualStudioVersion = 15.0.27130.2003
MinimumVisualStudioVersion = 10.0.40219.1
Project("{FAE04EC0-301F-11D3-BF4B-00C04F79EFBC}") = "RowaLog", "RowaLog\RowaLog.csproj", "{1247D952-1923-4E86-9FD5-7C24582A826A}"
EndProject
Project("{FAE04EC0-301F-11D3-BF4B-00C04F79EFBC}") = "RowaLogTest", "RowaLogTest\RowaLogTest.csproj", "{A2A3BD47-2108-4702-97C2-E9C6B6A7E9E8}"
EndProject
Project("{FAE04EC0-301F-11D3-BF4B-00C04F79EFBC}") = "RowaLogFileBehaviorTester", "RowaLogFileBehaviorTester\RowaLogFileBehaviorTester.csproj", "{B106A188-454B-4677-B9F2-A0315B8E4CFB}"
EndProject
Project("{FAE04EC0-301F-11D3-BF4B-00C04F79EFBC}") = "RowaLogUnitTests", "RowaLogUnitTests\RowaLogUnitTests.csproj", "{2427387E-73AD-421A-8644-51689498EA7F}"
EndProject
Project("{FAE04EC0-301F-11D3-BF4B-00C04F79EFBC}") = "RowaLogUnitTestsExampleApp", "RowaLogUnitTestsExampleApp\RowaLogUnitTestsExampleApp.csproj", "{72BAD2E0-0A9D-48B7-8E17-9E401324B4B3}"
EndProject
Project("{FAE04EC0-301F-11D3-BF4B-00C04F79EFBC}") = "TestApp", "TestApp\TestApp.csproj", "{A608852C-E5FD-44E6-A3CF-A964139960FE}"
EndProject
Global
	GlobalSection(SolutionConfigurationPlatforms) = preSolution
		Debug|Any CPU = Debug|Any CPU
		Debug|x64 = Debug|x64
		Release|Any CPU = Release|Any CPU
		Release|x64 = Release|x64
	EndGlobalSection
	GlobalSection(ProjectConfigurationPlatforms) = postSolution
		{1247D952-1923-4E86-9FD5-7C24582A826A}.Debug|Any CPU.ActiveCfg = Debug|Any CPU
		{1247D952-1923-4E86-9FD5-7C24582A826A}.Debug|Any CPU.Build.0 = Debug|Any CPU
		{1247D952-1923-4E86-9FD5-7C24582A826A}.Debug|x64.ActiveCfg = Debug|Any CPU
		{1247D952-1923-4E86-9FD5-7C24582A826A}.Debug|x64.Build.0 = Debug|Any CPU
		{1247D952-1923-4E86-9FD5-7C24582A826A}.Release|Any CPU.ActiveCfg = Release|Any CPU
		{1247D952-1923-4E86-9FD5-7C24582A826A}.Release|Any CPU.Build.0 = Release|Any CPU
		{1247D952-1923-4E86-9FD5-7C24582A826A}.Release|x64.ActiveCfg = Release|Any CPU
		{1247D952-1923-4E86-9FD5-7C24582A826A}.Release|x64.Build.0 = Release|Any CPU
		{A2A3BD47-2108-4702-97C2-E9C6B6A7E9E8}.Debug|Any CPU.ActiveCfg = Debug|Any CPU
		{A2A3BD47-2108-4702-97C2-E9C6B6A7E9E8}.Debug|Any CPU.Build.0 = Debug|Any CPU
		{A2A3BD47-2108-4702-97C2-E9C6B6A7E9E8}.Debug|x64.ActiveCfg = Debug|Any CPU
		{A2A3BD47-2108-4702-97C2-E9C6B6A7E9E8}.Debug|x64.Build.0 = Debug|Any CPU
		{A2A3BD47-2108-4702-97C2-E9C6B6A7E9E8}.Release|Any CPU.ActiveCfg = Release|Any CPU
		{A2A3BD47-2108-4702-97C2-E9C6B6A7E9E8}.Release|Any CPU.Build.0 = Release|Any CPU
		{A2A3BD47-2108-4702-97C2-E9C6B6A7E9E8}.Release|x64.ActiveCfg = Release|Any CPU
		{A2A3BD47-2108-4702-97C2-E9C6B6A7E9E8}.Release|x64.Build.0 = Release|Any CPU
		{B106A188-454B-4677-B9F2-A0315B8E4CFB}.Debug|Any CPU.ActiveCfg = Debug|Any CPU
		{B106A188-454B-4677-B9F2-A0315B8E4CFB}.Debug|Any CPU.Build.0 = Debug|Any CPU
		{B106A188-454B-4677-B9F2-A0315B8E4CFB}.Debug|x64.ActiveCfg = Debug|Any CPU
		{B106A188-454B-4677-B9F2-A0315B8E4CFB}.Debug|x64.Build.0 = Debug|Any CPU
		{B106A188-454B-4677-B9F2-A0315B8E4CFB}.Release|Any CPU.ActiveCfg = Release|Any CPU
		{B106A188-454B-4677-B9F2-A0315B8E4CFB}.Release|Any CPU.Build.0 = Release|Any CPU
		{B106A188-454B-4677-B9F2-A0315B8E4CFB}.Release|x64.ActiveCfg = Release|Any CPU
		{B106A188-454B-4677-B9F2-A0315B8E4CFB}.Release|x64.Build.0 = Release|Any CPU
		{2427387E-73AD-421A-8644-51689498EA7F}.Debug|Any CPU.ActiveCfg = Debug|Any CPU
		{2427387E-73AD-421A-8644-51689498EA7F}.Debug|Any CPU.Build.0 = Debug|Any CPU
		{2427387E-73AD-421A-8644-51689498EA7F}.Debug|x64.ActiveCfg = Debug|Any CPU
		{2427387E-73AD-421A-8644-51689498EA7F}.Debug|x64.Build.0 = Debug|Any CPU
		{2427387E-73AD-421A-8644-51689498EA7F}.Release|Any CPU.ActiveCfg = Release|Any CPU
		{2427387E-73AD-421A-8644-51689498EA7F}.Release|Any CPU.Build.0 = Release|Any CPU
		{2427387E-73AD-421A-8644-51689498EA7F}.Release|x64.ActiveCfg = Release|Any CPU
		{2427387E-73AD-421A-8644-51689498EA7F}.Release|x64.Build.0 = Release|Any CPU
		{72BAD2E0-0A9D-48B7-8E17-9E401324B4B3}.Debug|Any CPU.ActiveCfg = Debug|Any CPU
		{72BAD2E0-0A9D-48B7-8E17-9E401324B4B3}.Debug|Any CPU.Build.0 = Debug|Any CPU
		{72BAD2E0-0A9D-48B7-8E17-9E401324B4B3}.Debug|x64.ActiveCfg = Debug|Any CPU
		{72BAD2E0-0A9D-48B7-8E17-9E401324B4B3}.Debug|x64.Build.0 = Debug|Any CPU
		{72BAD2E0-0A9D-48B7-8E17-9E401324B4B3}.Release|Any CPU.ActiveCfg = Release|Any CPU
		{72BAD2E0-0A9D-48B7-8E17-9E401324B4B3}.Release|Any CPU.Build.0 = Release|Any CPU
		{72BAD2E0-0A9D-48B7-8E17-9E401324B4B3}.Release|x64.ActiveCfg = Release|Any CPU
		{72BAD2E0-0A9D-48B7-8E17-9E401324B4B3}.Release|x64.Build.0 = Release|Any CPU
		{A608852C-E5FD-44E6-A3CF-A964139960FE}.Debug|Any CPU.ActiveCfg = Debug|Any CPU
		{A608852C-E5FD-44E6-A3CF-A964139960FE}.Debug|Any CPU.Build.0 = Debug|Any CPU
		{A608852C-E5FD-44E6-A3CF-A964139960FE}.Debug|x64.ActiveCfg = Debug|Any CPU
		{A608852C-E5FD-44E6-A3CF-A964139960FE}.Debug|x64.Build.0 = Debug|Any CPU
		{A608852C-E5FD-44E6-A3CF-A964139960FE}.Release|Any CPU.ActiveCfg = Release|Any CPU
		{A608852C-E5FD-44E6-A3CF-A964139960FE}.Release|Any CPU.Build.0 = Release|Any CPU
		{A608852C-E5FD-44E6-A3CF-A964139960FE}.Release|x64.ActiveCfg = Release|Any CPU
		{A608852C-E5FD-44E6-A3CF-A964139960FE}.Release|x64.Build.0 = Release|Any CPU
	EndGlobalSection
	GlobalSection(SolutionProperties) = preSolution
		HideSolutionNode = FALSE
	EndGlobalSection
	GlobalSection(ExtensibilityGlobals) = postSolution
		SolutionGuid = {C99DD684-BFE0-49A8-B2A8-CD4636D3946D}
	EndGlobalSection
EndGlobal
